{
  "lockfileVersion": 1,
  "configVersion": 1,
  "workspaces": {
    "": {
      "name": "unit-tests-termbaum",
      "dependencies": {
        "@hpcc-js/wasm-graphviz": "^1.22.0",
        "graphology": "^0.25.4",
        "ts-graphviz": "^2.1.4",
      },
      "devDependencies": {
        "@types/bun": "^1.1.6",
        "typescript": "^5.5.4",
      },
    },
  },
  "packages": {
    "@hpcc-js/wasm-graphviz": ["@hpcc-js/wasm-graphviz@1.22.0", "", {}, "sha512-/l6m+ev4TzYwiSm2pklMALiKejuheJwFkOHKrTAvFei+US+MVv6Vgk06xMc4Mjn57WiqzheMVGnmNu1iqkcBdA=="],

    "@ts-graphviz/adapter": ["@ts-graphviz/adapter@2.0.6", "", { "dependencies": { "@ts-graphviz/common": "^2.1.5" } }, "sha512-kJ10lIMSWMJkLkkCG5gt927SnGZcBuG0s0HHswGzcHTgvtUe7yk5/3zTEr0bafzsodsOq5Gi6FhQeV775nC35Q=="],

    "@ts-graphviz/ast": ["@ts-graphviz/ast@2.0.7", "", { "dependencies": { "@ts-graphviz/common": "^2.1.5" } }, "sha512-e6+2qtNV99UT6DJSoLbHfkzfyqY84aIuoV8Xlb9+hZAjgpum8iVHprGeAMQ4rF6sKUAxrmY8rfF/vgAwoPc3gw=="],

    "@ts-graphviz/common": ["@ts-graphviz/common@2.1.5", "", {}, "sha512-S6/9+T6x8j6cr/gNhp+U2olwo1n0jKj/682QVqsh7yXWV6ednHYqxFw0ZsY3LyzT0N8jaZ6jQY9YD99le3cmvg=="],

    "@ts-graphviz/core": ["@ts-graphviz/core@2.0.7", "", { "dependencies": { "@ts-graphviz/ast": "^2.0.7", "@ts-graphviz/common": "^2.1.5" } }, "sha512-w071DSzP94YfN6XiWhOxnLpYT3uqtxJBDYdh6Jdjzt+Ce6DNspJsPQgpC7rbts/B8tEkq0LHoYuIF/O5Jh5rPg=="],

    "@types/bun": ["@types/bun@1.3.14", "", { "dependencies": { "bun-types": "1.3.14" } }, "sha512-h1hFqFVcvAvD9j9K7ZW7vd82aSA+rTdznZa+5bwvCwqSB1jmmfLcbIWhOLx1/+boy/xmjgCs/OMUL8hRJSmnPw=="],

    "@types/node": ["@types/node@25.9.2", "", { "dependencies": { "undici-types": ">=7.24.0 <7.24.7" } }, "sha512-G05zqtJhcDLb8uslf5EjCxXg9G1KQxiV8OS0R26IC//Eoyitzqe8z37I7cqvnZlrlSfgocQRfSn/AHBZJJFyGw=="],

    "bun-types": ["bun-types@1.3.14", "", { "dependencies": { "@types/node": "*" } }, "sha512-4N0ig0fEomHt5R0KCFWjovxow98rIoRwKolrYdCcknNwMekCXRnWEUvgu5soYV8QXtVsrUD8B95MBOZGPvr6KQ=="],

    "events": ["events@3.3.0", "", {}, "sha512-mQw+2fkQbALzQ7V0MY0IqdnXNOeTtP4r0lN9z7AAawCXgqea7bDii20AYrIBrFd/Hx0M2Ocz6S111CaFkUcb0Q=="],

    "graphology": ["graphology@0.25.4", "", { "dependencies": { "events": "^3.3.0", "obliterator": "^2.0.2" }, "peerDependencies": { "graphology-types": ">=0.24.0" } }, "sha512-33g0Ol9nkWdD6ulw687viS8YJQBxqG5LWII6FI6nul0pq6iM2t5EKquOTFDbyTblRB3O9I+7KX4xI8u5ffekAQ=="],

    "graphology-types": ["graphology-types@0.24.8", "", {}, "sha512-hDRKYXa8TsoZHjgEaysSRyPdT6uB78Ci8WnjgbStlQysz7xR52PInxNsmnB7IBOM1BhikxkNyCVEFgmPKnpx3Q=="],

    "obliterator": ["obliterator@2.0.5", "", {}, "sha512-42CPE9AhahZRsMNslczq0ctAEtqk8Eka26QofnqC346BZdHDySk3LWka23LI7ULIw11NmltpiLagIq8gBozxTw=="],

    "ts-graphviz": ["ts-graphviz@2.1.6", "", { "dependencies": { "@ts-graphviz/adapter": "^2.0.6", "@ts-graphviz/ast": "^2.0.7", "@ts-graphviz/common": "^2.1.5", "@ts-graphviz/core": "^2.0.7" } }, "sha512-XyLVuhBVvdJTJr2FJJV2L1pc4MwSjMhcunRVgDE9k4wbb2ee7ORYnPewxMWUav12vxyfUM686MSGsqnVRIInuw=="],

    "typescript": ["typescript@5.9.3", "", { "bin": { "tsc": "bin/tsc", "tsserver": "bin/tsserver" } }, "sha512-jl1vZzPDinLr9eUt3J/t7V6FgNEw9QjvBPdysz9KfQDD41fQrC2Y4vKQdiaUpFT4bXlb1RHhLpp8wtm6M5TgSw=="],

    "undici-types": ["undici-types@7.24.6", "", {}, "sha512-WRNW+sJgj5OBN4/0JpHFqtqzhpbnV0GuB+OozA9gCL7a993SmU+1JBZCzLNxYsbMfIeDL+lTsphD5jN5N+n0zg=="],
  }
}
